
Microsoft Visual Studio Solution File, Format Version 12.00
# Visual Studio 2013
VisualStudioVersion = 12.0.30723.0
MinimumVisualStudioVersion = 10.0.40219.1
Project("{FAE04EC0-301F-11D3-BF4B-00C04F79EFBC}") = "GISiExercise_WPF", "GISiExercise_WPF\GISiExercise_WPF.csproj", "{3C8A2CCF-298E-4FAA-8D5C-BDC01763E989}"
EndProject
Global
	GlobalSection(SolutionConfigurationPlatforms) = preSolution
		Debug|Any CPU = Debug|Any CPU
		Release|Any CPU = Release|Any CPU
	EndGlobalSection
	GlobalSection(ProjectConfigurationPlatforms) = postSolution
		{3C8A2CCF-298E-4FAA-8D5C-BDC01763E989}.Debug|Any CPU.ActiveCfg = Debug|Any CPU
		{3C8A2CCF-298E-4FAA-8D5C-BDC01763E989}.Debug|Any CPU.Build.0 = Debug|Any CPU
		{3C8A2CCF-298E-4FAA-8D5C-BDC01763E989}.Release|Any CPU.ActiveCfg = Release|Any CPU
		{3C8A2CCF-298E-4FAA-8D5C-BDC01763E989}.Release|Any CPU.Build.0 = Release|Any CPU
	EndGlobalSection
	GlobalSection(SolutionProperties) = preSolution
		HideSolutionNode = FALSE
	EndGlobalSection
EndGlobal
